// !$*UTF8*$!
{
	archiveVersion = 1;
	classes = {
	};
	objectVersion = 46;
	objects = {

/* Begin PBXBuildFile section */
		1E6CF4421E83DC8900B21EEF /* GroupViewController.swift in Sources */ = {isa = PBXBuildFile; fileRef = 1E6CF4411E83DC8900B21EEF /* GroupViewController.swift */; };
		1E6CF4461E83E0F800B21EEF /* StudentViewController.swift in Sources */ = {isa = PBXBuildFile; fileRef = 1E6CF4451E83E0F800B21EEF /* StudentViewController.swift */; };
		1E6CF4481E83E4A700B21EEF /* PromoTableViewCell.swift in Sources */ = {isa = PBXBuildFile; fileRef = 1E6CF4471E83E4A700B21EEF /* PromoTableViewCell.swift */; };
		1E9CBDB21E840DA1004BBB6A /* JTAppleCalendar.framework in Frameworks */ = {isa = PBXBuildFile; fileRef = 1E9CBDB11E840DA1004BBB6A /* JTAppleCalendar.framework */; };
		1E9CBDB31E840DA1004BBB6A /* JTAppleCalendar.framework in Embed Frameworks */ = {isa = PBXBuildFile; fileRef = 1E9CBDB11E840DA1004BBB6A /* JTAppleCalendar.framework */; settings = {ATTRIBUTES = (CodeSignOnCopy, RemoveHeadersOnCopy, ); }; };
		1E9CBDB61E840DF1004BBB6A /* CalendarCellView.xib in Resources */ = {isa = PBXBuildFile; fileRef = 1E9CBDB51E840DF1004BBB6A /* CalendarCellView.xib */; };
		1E9CBDB91E840ED6004BBB6A /* CalendarCellView.swift in Sources */ = {isa = PBXBuildFile; fileRef = 1E9CBDB81E840ED6004BBB6A /* CalendarCellView.swift */; };
		1E9CBDBB1E84108A004BBB6A /* CalendarView.swift in Sources */ = {isa = PBXBuildFile; fileRef = 1E9CBDBA1E84108A004BBB6A /* CalendarView.swift */; };
		1E9CBDBD1E8410E4004BBB6A /* CalendarViewController.swift in Sources */ = {isa = PBXBuildFile; fileRef = 1E9CBDBC1E8410E4004BBB6A /* CalendarViewController.swift */; };
		1E9CBDBF1E842241004BBB6A /* GroupMessageViewController.swift in Sources */ = {isa = PBXBuildFile; fileRef = 1E9CBDBE1E842241004BBB6A /* GroupMessageViewController.swift */; };
		1E9CBDC11E842493004BBB6A /* CalendarHeader.xib in Resources */ = {isa = PBXBuildFile; fileRef = 1E9CBDC01E842493004BBB6A /* CalendarHeader.xib */; };
		1E9CBDC31E8424F7004BBB6A /* CalendarHeader.swift in Sources */ = {isa = PBXBuildFile; fileRef = 1E9CBDC21E8424F7004BBB6A /* CalendarHeader.swift */; };
		1EA42A251E8555E200FF33F0 /* KeyboardViewController.swift in Sources */ = {isa = PBXBuildFile; fileRef = 1EA42A241E8555E200FF33F0 /* KeyboardViewController.swift */; };
		3D0A15221E8275C90010E99B /* GroupesSet.swift in Sources */ = {isa = PBXBuildFile; fileRef = 3D0A15211E8275C90010E99B /* GroupesSet.swift */; };
		3D0A15281E828B550010E99B /* Promo.swift in Sources */ = {isa = PBXBuildFile; fileRef = 3D0A15271E828B550010E99B /* Promo.swift */; };
		3D25929B1E6D4DBB00AA940D /* Session.swift in Sources */ = {isa = PBXBuildFile; fileRef = 3D25929A1E6D4DBB00AA940D /* Session.swift */; };
		3D25929D1E6D596600AA940D /* Message.swift in Sources */ = {isa = PBXBuildFile; fileRef = 3D25929C1E6D596600AA940D /* Message.swift */; };
		3D25929F1E6D5D8900AA940D /* MessagesSet.swift in Sources */ = {isa = PBXBuildFile; fileRef = 3D25929E1E6D5D8900AA940D /* MessagesSet.swift */; };
		3D3C3CCC1E682EC6001893E4 /* PersonnesSet.swift in Sources */ = {isa = PBXBuildFile; fileRef = 3D3C3CCB1E682EC6001893E4 /* PersonnesSet.swift */; };
		3D3C3CCD1E682EC6001893E4 /* PersonnesSet.swift in Sources */ = {isa = PBXBuildFile; fileRef = 3D3C3CCB1E682EC6001893E4 /* PersonnesSet.swift */; };
		3D515CF51E86C24B0074D547 /* Evenement.swift in Sources */ = {isa = PBXBuildFile; fileRef = 3D515CF41E86C24B0074D547 /* Evenement.swift */; };
		3D515CF71E86C4670074D547 /* EvenementSet.swift in Sources */ = {isa = PBXBuildFile; fileRef = 3D515CF61E86C4670074D547 /* EvenementSet.swift */; };
		3D515CF91E86C5190074D547 /* AddEventViewController.swift in Sources */ = {isa = PBXBuildFile; fileRef = 3D515CF81E86C5190074D547 /* AddEventViewController.swift */; };
		3D806A7D1E7006BA0073C4FA /* MessageTableViewCell.swift in Sources */ = {isa = PBXBuildFile; fileRef = 3D806A7C1E7006BA0073C4FA /* MessageTableViewCell.swift */; };
		3DEA3A2D1E82D6D500185E19 /* ListGroupTableViewCell.swift in Sources */ = {isa = PBXBuildFile; fileRef = 3DEA3A2C1E82D6D500185E19 /* ListGroupTableViewCell.swift */; };
		DC074F531E51DBEB00F2A90E /* ListViewController.swift in Sources */ = {isa = PBXBuildFile; fileRef = DC074F521E51DBEB00F2A90E /* ListViewController.swift */; };
		DC074F571E51DF9600F2A90E /* AddViewController.swift in Sources */ = {isa = PBXBuildFile; fileRef = DC074F561E51DF9600F2A90E /* AddViewController.swift */; };
		DC24C77E1E81343D0043753F /* PromoSet.swift in Sources */ = {isa = PBXBuildFile; fileRef = DC24C77D1E81343D0043753F /* PromoSet.swift */; };
		DC24C7821E8145D80043753F /* PromoViewController.swift in Sources */ = {isa = PBXBuildFile; fileRef = DC24C7811E8145D80043753F /* PromoViewController.swift */; };
		DC426FCD1E52001A00809823 /* ListTableViewCell.swift in Sources */ = {isa = PBXBuildFile; fileRef = DC426FCC1E52001A00809823 /* ListTableViewCell.swift */; };
		DC4FAB511E5DD19C00BC0745 /* LoginViewController.swift in Sources */ = {isa = PBXBuildFile; fileRef = DC4FAB501E5DD19C00BC0745 /* LoginViewController.swift */; };
		DC4FAB531E5DDC5D00BC0745 /* WallViewController.swift in Sources */ = {isa = PBXBuildFile; fileRef = DC4FAB521E5DDC5D00BC0745 /* WallViewController.swift */; };
		DC4FAB581E5DE96700BC0745 /* ProfileViewController.swift in Sources */ = {isa = PBXBuildFile; fileRef = DC4FAB571E5DE96700BC0745 /* ProfileViewController.swift */; };
		DC4FAB5C1E5DEABA00BC0745 /* Personne.swift in Sources */ = {isa = PBXBuildFile; fileRef = DC4FAB5B1E5DEABA00BC0745 /* Personne.swift */; };
		DC56D81D1E7154BF00BA7C72 /* Assets.xcassets in Resources */ = {isa = PBXBuildFile; fileRef = DC56D81C1E7154BF00BA7C72 /* Assets.xcassets */; };
		DC56D81F1E71795A00BA7C72 /* DateManager.swift in Sources */ = {isa = PBXBuildFile; fileRef = DC56D81E1E71795A00BA7C72 /* DateManager.swift */; };
		DCE300021E51AADC0006D7E5 /* Main.storyboard in Resources */ = {isa = PBXBuildFile; fileRef = DCE300001E51AADC0006D7E5 /* Main.storyboard */; };
		DCE300051E51AADC0006D7E5 /* iOs_Project.xcdatamodeld in Sources */ = {isa = PBXBuildFile; fileRef = DCE300031E51AADC0006D7E5 /* iOs_Project.xcdatamodeld */; };
		DCE3000A1E51AADC0006D7E5 /* LaunchScreen.storyboard in Resources */ = {isa = PBXBuildFile; fileRef = DCE300081E51AADC0006D7E5 /* LaunchScreen.storyboard */; };
		DCE300151E51AADC0006D7E5 /* iOs_ProjectTests.swift in Sources */ = {isa = PBXBuildFile; fileRef = DCE300141E51AADC0006D7E5 /* iOs_ProjectTests.swift */; };
		DCE300201E51AADC0006D7E5 /* iOs_ProjectUITests.swift in Sources */ = {isa = PBXBuildFile; fileRef = DCE3001F1E51AADC0006D7E5 /* iOs_ProjectUITests.swift */; };
		DCE3FFFD1E51AADC0006D7E5 /* AppDelegate.swift in Sources */ = {isa = PBXBuildFile; fileRef = DCE3FFFC1E51AADC0006D7E5 /* AppDelegate.swift */; };
		DF0217221E85D77900E4511B /* AddInfoViewController.swift in Sources */ = {isa = PBXBuildFile; fileRef = DF0217211E85D77900E4511B /* AddInfoViewController.swift */; };
		DF02172B1E85DA9000E4511B /* InformationSet.swift in Sources */ = {isa = PBXBuildFile; fileRef = DF02172A1E85DA9000E4511B /* InformationSet.swift */; };
		DF02172D1E85DBF100E4511B /* Information.swift in Sources */ = {isa = PBXBuildFile; fileRef = DF02172C1E85DBF100E4511B /* Information.swift */; };
		DF36A7351E55C50200B051F5 /* EditProfileViewController.swift in Sources */ = {isa = PBXBuildFile; fileRef = DF36A7341E55C50200B051F5 /* EditProfileViewController.swift */; };
		DF44B6E41E87CED7009CC8A4 /* CalendarEventTableViewCell.swift in Sources */ = {isa = PBXBuildFile; fileRef = DF44B6E31E87CED7009CC8A4 /* CalendarEventTableViewCell.swift */; };
		DF44B6E61E87E905009CC8A4 /* ImageManager.swift in Sources */ = {isa = PBXBuildFile; fileRef = DF44B6E51E87E905009CC8A4 /* ImageManager.swift */; };
		DF44B6E81E8829AB009CC8A4 /* MotClef.swift in Sources */ = {isa = PBXBuildFile; fileRef = DF44B6E71E8829AB009CC8A4 /* MotClef.swift */; };
		DF44B6EC1E883590009CC8A4 /* MotClefSet.swift in Sources */ = {isa = PBXBuildFile; fileRef = DF44B6EB1E883590009CC8A4 /* MotClefSet.swift */; };
		DFA8AAFC1E85A72500EE7A98 /* InfoViewController.swift in Sources */ = {isa = PBXBuildFile; fileRef = DFA8AAFB1E85A72500EE7A98 /* InfoViewController.swift */; };
		DFA8AAFE1E85AC5300EE7A98 /* InfoTableViewCell.swift in Sources */ = {isa = PBXBuildFile; fileRef = DFA8AAFD1E85AC5300EE7A98 /* InfoTableViewCell.swift */; };
		DFED6F8B1E55F11400F5C275 /* CoreDataManager.swift in Sources */ = {isa = PBXBuildFile; fileRef = DFED6F8A1E55F11400F5C275 /* CoreDataManager.swift */; };
		DFED6F8D1E55F2DA00F5C275 /* DialogBoxHelper.swift in Sources */ = {isa = PBXBuildFile; fileRef = DFED6F8C1E55F2DA00F5C275 /* DialogBoxHelper.swift */; };
		DFEE4ABA1E7F02F300E12701 /* Groupe.swift in Sources */ = {isa = PBXBuildFile; fileRef = DFEE4AB91E7F02F200E12701 /* Groupe.swift */; };
/* End PBXBuildFile section */

/* Begin PBXContainerItemProxy section */
		DCE300111E51AADC0006D7E5 /* PBXContainerItemProxy */ = {
			isa = PBXContainerItemProxy;
			containerPortal = DCE3FFF11E51AADC0006D7E5 /* Project object */;
			proxyType = 1;
			remoteGlobalIDString = DCE3FFF81E51AADC0006D7E5;
			remoteInfo = "iOs-Project";
		};
		DCE3001C1E51AADC0006D7E5 /* PBXContainerItemProxy */ = {
			isa = PBXContainerItemProxy;
			containerPortal = DCE3FFF11E51AADC0006D7E5 /* Project object */;
			proxyType = 1;
			remoteGlobalIDString = DCE3FFF81E51AADC0006D7E5;
			remoteInfo = "iOs-Project";
		};
/* End PBXContainerItemProxy section */

/* Begin PBXCopyFilesBuildPhase section */
		1E9CBDB41E840DA2004BBB6A /* Embed Frameworks */ = {
			isa = PBXCopyFilesBuildPhase;
			buildActionMask = 2147483647;
			dstPath = "";
			dstSubfolderSpec = 10;
			files = (
				1E9CBDB31E840DA1004BBB6A /* JTAppleCalendar.framework in Embed Frameworks */,
			);
			name = "Embed Frameworks";
			runOnlyForDeploymentPostprocessing = 0;
		};
/* End PBXCopyFilesBuildPhase section */

/* Begin PBXFileReference section */
		1E6CF4411E83DC8900B21EEF /* GroupViewController.swift */ = {isa = PBXFileReference; fileEncoding = 4; lastKnownFileType = sourcecode.swift; path = GroupViewController.swift; sourceTree = "<group>"; };
		1E6CF4451E83E0F800B21EEF /* StudentViewController.swift */ = {isa = PBXFileReference; fileEncoding = 4; lastKnownFileType = sourcecode.swift; path = StudentViewController.swift; sourceTree = "<group>"; };
		1E6CF4471E83E4A700B21EEF /* PromoTableViewCell.swift */ = {isa = PBXFileReference; fileEncoding = 4; lastKnownFileType = sourcecode.swift; path = PromoTableViewCell.swift; sourceTree = "<group>"; };
		1E9CBDB11E840DA1004BBB6A /* JTAppleCalendar.framework */ = {isa = PBXFileReference; lastKnownFileType = wrapper.framework; path = JTAppleCalendar.framework; sourceTree = "<group>"; };
		1E9CBDB51E840DF1004BBB6A /* CalendarCellView.xib */ = {isa = PBXFileReference; fileEncoding = 4; lastKnownFileType = file.xib; path = CalendarCellView.xib; sourceTree = "<group>"; };
		1E9CBDB81E840ED6004BBB6A /* CalendarCellView.swift */ = {isa = PBXFileReference; fileEncoding = 4; lastKnownFileType = sourcecode.swift; path = CalendarCellView.swift; sourceTree = "<group>"; };
		1E9CBDBA1E84108A004BBB6A /* CalendarView.swift */ = {isa = PBXFileReference; fileEncoding = 4; lastKnownFileType = sourcecode.swift; path = CalendarView.swift; sourceTree = "<group>"; };
		1E9CBDBC1E8410E4004BBB6A /* CalendarViewController.swift */ = {isa = PBXFileReference; fileEncoding = 4; lastKnownFileType = sourcecode.swift; path = CalendarViewController.swift; sourceTree = "<group>"; };
		1E9CBDBE1E842241004BBB6A /* GroupMessageViewController.swift */ = {isa = PBXFileReference; fileEncoding = 4; lastKnownFileType = sourcecode.swift; path = GroupMessageViewController.swift; sourceTree = "<group>"; };
		1E9CBDC01E842493004BBB6A /* CalendarHeader.xib */ = {isa = PBXFileReference; fileEncoding = 4; lastKnownFileType = file.xib; path = CalendarHeader.xib; sourceTree = "<group>"; };
		1E9CBDC21E8424F7004BBB6A /* CalendarHeader.swift */ = {isa = PBXFileReference; fileEncoding = 4; lastKnownFileType = sourcecode.swift; path = CalendarHeader.swift; sourceTree = "<group>"; };
		1EA42A241E8555E200FF33F0 /* KeyboardViewController.swift */ = {isa = PBXFileReference; fileEncoding = 4; lastKnownFileType = sourcecode.swift; path = KeyboardViewController.swift; sourceTree = "<group>"; };
		3D0A15211E8275C90010E99B /* GroupesSet.swift */ = {isa = PBXFileReference; fileEncoding = 4; lastKnownFileType = sourcecode.swift; path = GroupesSet.swift; sourceTree = "<group>"; };
		3D0A15271E828B550010E99B /* Promo.swift */ = {isa = PBXFileReference; fileEncoding = 4; lastKnownFileType = sourcecode.swift; path = Promo.swift; sourceTree = "<group>"; };
		3D25929A1E6D4DBB00AA940D /* Session.swift */ = {isa = PBXFileReference; fileEncoding = 4; lastKnownFileType = sourcecode.swift; path = Session.swift; sourceTree = "<group>"; };
		3D25929C1E6D596600AA940D /* Message.swift */ = {isa = PBXFileReference; fileEncoding = 4; lastKnownFileType = sourcecode.swift; path = Message.swift; sourceTree = "<group>"; };
		3D25929E1E6D5D8900AA940D /* MessagesSet.swift */ = {isa = PBXFileReference; fileEncoding = 4; lastKnownFileType = sourcecode.swift; path = MessagesSet.swift; sourceTree = "<group>"; };
		3D3C3CCB1E682EC6001893E4 /* PersonnesSet.swift */ = {isa = PBXFileReference; fileEncoding = 4; lastKnownFileType = sourcecode.swift; path = PersonnesSet.swift; sourceTree = "<group>"; };
		3D515CF41E86C24B0074D547 /* Evenement.swift */ = {isa = PBXFileReference; fileEncoding = 4; lastKnownFileType = sourcecode.swift; path = Evenement.swift; sourceTree = "<group>"; };
		3D515CF61E86C4670074D547 /* EvenementSet.swift */ = {isa = PBXFileReference; fileEncoding = 4; lastKnownFileType = sourcecode.swift; path = EvenementSet.swift; sourceTree = "<group>"; };
		3D515CF81E86C5190074D547 /* AddEventViewController.swift */ = {isa = PBXFileReference; fileEncoding = 4; lastKnownFileType = sourcecode.swift; path = AddEventViewController.swift; sourceTree = "<group>"; };
		3D806A7C1E7006BA0073C4FA /* MessageTableViewCell.swift */ = {isa = PBXFileReference; fileEncoding = 4; lastKnownFileType = sourcecode.swift; path = MessageTableViewCell.swift; sourceTree = "<group>"; };
		3DEA3A2C1E82D6D500185E19 /* ListGroupTableViewCell.swift */ = {isa = PBXFileReference; fileEncoding = 4; lastKnownFileType = sourcecode.swift; path = ListGroupTableViewCell.swift; sourceTree = "<group>"; };
		DC074F521E51DBEB00F2A90E /* ListViewController.swift */ = {isa = PBXFileReference; fileEncoding = 4; lastKnownFileType = sourcecode.swift; path = ListViewController.swift; sourceTree = "<group>"; };
		DC074F561E51DF9600F2A90E /* AddViewController.swift */ = {isa = PBXFileReference; fileEncoding = 4; lastKnownFileType = sourcecode.swift; path = AddViewController.swift; sourceTree = "<group>"; };
		DC24C77D1E81343D0043753F /* PromoSet.swift */ = {isa = PBXFileReference; fileEncoding = 4; lastKnownFileType = sourcecode.swift; path = PromoSet.swift; sourceTree = "<group>"; };
		DC24C7811E8145D80043753F /* PromoViewController.swift */ = {isa = PBXFileReference; fileEncoding = 4; lastKnownFileType = sourcecode.swift; path = PromoViewController.swift; sourceTree = "<group>"; };
		DC426FCC1E52001A00809823 /* ListTableViewCell.swift */ = {isa = PBXFileReference; fileEncoding = 4; lastKnownFileType = sourcecode.swift; path = ListTableViewCell.swift; sourceTree = "<group>"; };
		DC4FAB501E5DD19C00BC0745 /* LoginViewController.swift */ = {isa = PBXFileReference; fileEncoding = 4; lastKnownFileType = sourcecode.swift; path = LoginViewController.swift; sourceTree = "<group>"; };
		DC4FAB521E5DDC5D00BC0745 /* WallViewController.swift */ = {isa = PBXFileReference; fileEncoding = 4; lastKnownFileType = sourcecode.swift; path = WallViewController.swift; sourceTree = "<group>"; };
		DC4FAB571E5DE96700BC0745 /* ProfileViewController.swift */ = {isa = PBXFileReference; fileEncoding = 4; lastKnownFileType = sourcecode.swift; path = ProfileViewController.swift; sourceTree = "<group>"; };
		DC4FAB5B1E5DEABA00BC0745 /* Personne.swift */ = {isa = PBXFileReference; fileEncoding = 4; lastKnownFileType = sourcecode.swift; path = Personne.swift; sourceTree = "<group>"; };
		DC56D81C1E7154BF00BA7C72 /* Assets.xcassets */ = {isa = PBXFileReference; lastKnownFileType = folder.assetcatalog; path = Assets.xcassets; sourceTree = "<group>"; };
		DC56D81E1E71795A00BA7C72 /* DateManager.swift */ = {isa = PBXFileReference; fileEncoding = 4; lastKnownFileType = sourcecode.swift; path = DateManager.swift; sourceTree = "<group>"; };
		DCE300011E51AADC0006D7E5 /* Base */ = {isa = PBXFileReference; lastKnownFileType = file.storyboard; name = Base; path = Base.lproj/Main.storyboard; sourceTree = "<group>"; };
		DCE300041E51AADC0006D7E5 /* iOs_Project.xcdatamodel */ = {isa = PBXFileReference; lastKnownFileType = wrapper.xcdatamodel; path = iOs_Project.xcdatamodel; sourceTree = "<group>"; };
		DCE300091E51AADC0006D7E5 /* Base */ = {isa = PBXFileReference; lastKnownFileType = file.storyboard; name = Base; path = Base.lproj/LaunchScreen.storyboard; sourceTree = "<group>"; };
		DCE3000B1E51AADC0006D7E5 /* Info.plist */ = {isa = PBXFileReference; lastKnownFileType = text.plist.xml; path = Info.plist; sourceTree = "<group>"; };
		DCE300101E51AADC0006D7E5 /* iOs-ProjectTests.xctest */ = {isa = PBXFileReference; explicitFileType = wrapper.cfbundle; includeInIndex = 0; path = "iOs-ProjectTests.xctest"; sourceTree = BUILT_PRODUCTS_DIR; };
		DCE300141E51AADC0006D7E5 /* iOs_ProjectTests.swift */ = {isa = PBXFileReference; lastKnownFileType = sourcecode.swift; path = iOs_ProjectTests.swift; sourceTree = "<group>"; };
		DCE300161E51AADC0006D7E5 /* Info.plist */ = {isa = PBXFileReference; lastKnownFileType = text.plist.xml; path = Info.plist; sourceTree = "<group>"; };
		DCE3001B1E51AADC0006D7E5 /* iOs-ProjectUITests.xctest */ = {isa = PBXFileReference; explicitFileType = wrapper.cfbundle; includeInIndex = 0; path = "iOs-ProjectUITests.xctest"; sourceTree = BUILT_PRODUCTS_DIR; };
		DCE3001F1E51AADC0006D7E5 /* iOs_ProjectUITests.swift */ = {isa = PBXFileReference; lastKnownFileType = sourcecode.swift; path = iOs_ProjectUITests.swift; sourceTree = "<group>"; };
		DCE300211E51AADC0006D7E5 /* Info.plist */ = {isa = PBXFileReference; lastKnownFileType = text.plist.xml; path = Info.plist; sourceTree = "<group>"; };
		DCE3FFF91E51AADC0006D7E5 /* iOs-Project.app */ = {isa = PBXFileReference; explicitFileType = wrapper.application; includeInIndex = 0; path = "iOs-Project.app"; sourceTree = BUILT_PRODUCTS_DIR; };
		DCE3FFFC1E51AADC0006D7E5 /* AppDelegate.swift */ = {isa = PBXFileReference; lastKnownFileType = sourcecode.swift; path = AppDelegate.swift; sourceTree = "<group>"; };
		DF0217211E85D77900E4511B /* AddInfoViewController.swift */ = {isa = PBXFileReference; fileEncoding = 4; lastKnownFileType = sourcecode.swift; path = AddInfoViewController.swift; sourceTree = "<group>"; };
		DF02172A1E85DA9000E4511B /* InformationSet.swift */ = {isa = PBXFileReference; fileEncoding = 4; lastKnownFileType = sourcecode.swift; path = InformationSet.swift; sourceTree = "<group>"; };
		DF02172C1E85DBF100E4511B /* Information.swift */ = {isa = PBXFileReference; fileEncoding = 4; lastKnownFileType = sourcecode.swift; path = Information.swift; sourceTree = "<group>"; };
		DF36A7341E55C50200B051F5 /* EditProfileViewController.swift */ = {isa = PBXFileReference; fileEncoding = 4; lastKnownFileType = sourcecode.swift; path = EditProfileViewController.swift; sourceTree = "<group>"; };
		DF44B6E31E87CED7009CC8A4 /* CalendarEventTableViewCell.swift */ = {isa = PBXFileReference; fileEncoding = 4; lastKnownFileType = sourcecode.swift; path = CalendarEventTableViewCell.swift; sourceTree = "<group>"; };
		DF44B6E51E87E905009CC8A4 /* ImageManager.swift */ = {isa = PBXFileReference; fileEncoding = 4; lastKnownFileType = sourcecode.swift; path = ImageManager.swift; sourceTree = "<group>"; };
		DF44B6E71E8829AB009CC8A4 /* MotClef.swift */ = {isa = PBXFileReference; fileEncoding = 4; lastKnownFileType = sourcecode.swift; path = MotClef.swift; sourceTree = "<group>"; };
		DF44B6EB1E883590009CC8A4 /* MotClefSet.swift */ = {isa = PBXFileReference; fileEncoding = 4; lastKnownFileType = sourcecode.swift; path = MotClefSet.swift; sourceTree = "<group>"; };
		DFA8AAFB1E85A72500EE7A98 /* InfoViewController.swift */ = {isa = PBXFileReference; fileEncoding = 4; lastKnownFileType = sourcecode.swift; path = InfoViewController.swift; sourceTree = "<group>"; };
		DFA8AAFD1E85AC5300EE7A98 /* InfoTableViewCell.swift */ = {isa = PBXFileReference; fileEncoding = 4; lastKnownFileType = sourcecode.swift; path = InfoTableViewCell.swift; sourceTree = "<group>"; };
		DFED6F8A1E55F11400F5C275 /* CoreDataManager.swift */ = {isa = PBXFileReference; fileEncoding = 4; lastKnownFileType = sourcecode.swift; path = CoreDataManager.swift; sourceTree = "<group>"; };
		DFED6F8C1E55F2DA00F5C275 /* DialogBoxHelper.swift */ = {isa = PBXFileReference; fileEncoding = 4; lastKnownFileType = sourcecode.swift; path = DialogBoxHelper.swift; sourceTree = "<group>"; };
		DFEE4AB91E7F02F200E12701 /* Groupe.swift */ = {isa = PBXFileReference; fileEncoding = 4; lastKnownFileType = sourcecode.swift; path = Groupe.swift; sourceTree = "<group>"; };
/* End PBXFileReference section */

/* Begin PBXFrameworksBuildPhase section */
		DCE3000D1E51AADC0006D7E5 /* Frameworks */ = {
			isa = PBXFrameworksBuildPhase;
			buildActionMask = 2147483647;
			files = (
			);
			runOnlyForDeploymentPostprocessing = 0;
		};
		DCE300181E51AADC0006D7E5 /* Frameworks */ = {
			isa = PBXFrameworksBuildPhase;
			buildActionMask = 2147483647;
			files = (
			);
			runOnlyForDeploymentPostprocessing = 0;
		};
		DCE3FFF61E51AADC0006D7E5 /* Frameworks */ = {
			isa = PBXFrameworksBuildPhase;
			buildActionMask = 2147483647;
			files = (
				1E9CBDB21E840DA1004BBB6A /* JTAppleCalendar.framework in Frameworks */,
			);
			runOnlyForDeploymentPostprocessing = 0;
		};
/* End PBXFrameworksBuildPhase section */

/* Begin PBXGroup section */
		1E9CBDB71E840DFD004BBB6A /* Calendar */ = {
			isa = PBXGroup;
			children = (
				1E9CBDB51E840DF1004BBB6A /* CalendarCellView.xib */,
				1E9CBDC01E842493004BBB6A /* CalendarHeader.xib */,
				1E9CBDC21E8424F7004BBB6A /* CalendarHeader.swift */,
				1E9CBDB81E840ED6004BBB6A /* CalendarCellView.swift */,
				1E9CBDBA1E84108A004BBB6A /* CalendarView.swift */,
				1E9CBDBC1E8410E4004BBB6A /* CalendarViewController.swift */,
				DF44B6E31E87CED7009CC8A4 /* CalendarEventTableViewCell.swift */,
			);
			name = Calendar;
			sourceTree = "<group>";
		};
		3D515CFA1E86CB1F0074D547 /* Event Controller */ = {
			isa = PBXGroup;
			children = (
				3D515CF81E86C5190074D547 /* AddEventViewController.swift */,
			);
			name = "Event Controller";
			sourceTree = "<group>";
		};
		DC4FAB5D1E5DED4800BC0745 /* Models */ = {
			isa = PBXGroup;
			children = (
				DF44B6EB1E883590009CC8A4 /* MotClefSet.swift */,
				DF44B6E71E8829AB009CC8A4 /* MotClef.swift */,
				DF02172A1E85DA9000E4511B /* InformationSet.swift */,
				DF02172C1E85DBF100E4511B /* Information.swift */,
				3D515CF41E86C24B0074D547 /* Evenement.swift */,
				3D515CF61E86C4670074D547 /* EvenementSet.swift */,
				3D0A15271E828B550010E99B /* Promo.swift */,
				DC4FAB5B1E5DEABA00BC0745 /* Personne.swift */,
				DFEE4AB91E7F02F200E12701 /* Groupe.swift */,
				DC24C77D1E81343D0043753F /* PromoSet.swift */,
				3D25929C1E6D596600AA940D /* Message.swift */,
				3D25929E1E6D5D8900AA940D /* MessagesSet.swift */,
				3D3C3CCB1E682EC6001893E4 /* PersonnesSet.swift */,
				3D0A15211E8275C90010E99B /* GroupesSet.swift */,
			);
			name = Models;
			sourceTree = "<group>";
		};
		DCE300131E51AADC0006D7E5 /* iOs-ProjectTests */ = {
			isa = PBXGroup;
			children = (
				DCE300141E51AADC0006D7E5 /* iOs_ProjectTests.swift */,
				DCE300161E51AADC0006D7E5 /* Info.plist */,
			);
			path = "iOs-ProjectTests";
			sourceTree = "<group>";
		};
		DCE3001E1E51AADC0006D7E5 /* iOs-ProjectUITests */ = {
			isa = PBXGroup;
			children = (
				DCE3001F1E51AADC0006D7E5 /* iOs_ProjectUITests.swift */,
				DCE300211E51AADC0006D7E5 /* Info.plist */,
			);
			path = "iOs-ProjectUITests";
			sourceTree = "<group>";
		};
		DCE3FFF01E51AADC0006D7E5 = {
			isa = PBXGroup;
			children = (
				1E9CBDB11E840DA1004BBB6A /* JTAppleCalendar.framework */,
				DCE3FFFB1E51AADC0006D7E5 /* iOs-Project */,
				DCE300131E51AADC0006D7E5 /* iOs-ProjectTests */,
				DCE3001E1E51AADC0006D7E5 /* iOs-ProjectUITests */,
				DCE3FFFA1E51AADC0006D7E5 /* Products */,
			);
			sourceTree = "<group>";
		};
		DCE3FFFA1E51AADC0006D7E5 /* Products */ = {
			isa = PBXGroup;
			children = (
				DCE3FFF91E51AADC0006D7E5 /* iOs-Project.app */,
				DCE300101E51AADC0006D7E5 /* iOs-ProjectTests.xctest */,
				DCE3001B1E51AADC0006D7E5 /* iOs-ProjectUITests.xctest */,
			);
			name = Products;
			sourceTree = "<group>";
		};
		DCE3FFFB1E51AADC0006D7E5 /* iOs-Project */ = {
			isa = PBXGroup;
			children = (
				DC4FAB5D1E5DED4800BC0745 /* Models */,
				DFED6F8E1E55F3D400F5C275 /* Class Helpers */,
				1E9CBDB71E840DFD004BBB6A /* Calendar */,
				DF0217271E85D98200E4511B /* Home Controller */,
				DF0217241E85D93000E4511B /* Message Controller */,
				DF0217261E85D96F00E4511B /* Profile Controller */,
				DF0217281E85D9A800E4511B /* Person Controller */,
				DF0217251E85D95D00E4511B /* Promos Controller */,
				DF0217291E85D9DD00E4511B /* Group Controller */,
				DF0217231E85D90200E4511B /* Infos Controller */,
				3D515CFA1E86CB1F0074D547 /* Event Controller */,
				DCE3FFFC1E51AADC0006D7E5 /* AppDelegate.swift */,
				DCE300001E51AADC0006D7E5 /* Main.storyboard */,
				DCE300081E51AADC0006D7E5 /* LaunchScreen.storyboard */,
				DC56D81C1E7154BF00BA7C72 /* Assets.xcassets */,
				DCE3000B1E51AADC0006D7E5 /* Info.plist */,
				DCE300031E51AADC0006D7E5 /* iOs_Project.xcdatamodeld */,
			);
			path = "iOs-Project";
			sourceTree = "<group>";
		};
		DF0217231E85D90200E4511B /* Infos Controller */ = {
			isa = PBXGroup;
			children = (
				DF0217211E85D77900E4511B /* AddInfoViewController.swift */,
				DFA8AAFB1E85A72500EE7A98 /* InfoViewController.swift */,
				DFA8AAFD1E85AC5300EE7A98 /* InfoTableViewCell.swift */,
			);
			name = "Infos Controller";
			sourceTree = "<group>";
		};
		DF0217241E85D93000E4511B /* Message Controller */ = {
			isa = PBXGroup;
			children = (
				DC4FAB521E5DDC5D00BC0745 /* WallViewController.swift */,
				3D806A7C1E7006BA0073C4FA /* MessageTableViewCell.swift */,
				1E9CBDBE1E842241004BBB6A /* GroupMessageViewController.swift */,
			);
			name = "Message Controller";
			sourceTree = "<group>";
		};
		DF0217251E85D95D00E4511B /* Promos Controller */ = {
			isa = PBXGroup;
			children = (
				DC074F521E51DBEB00F2A90E /* ListViewController.swift */,
				DC24C7811E8145D80043753F /* PromoViewController.swift */,
				1E6CF4471E83E4A700B21EEF /* PromoTableViewCell.swift */,
			);
			name = "Promos Controller";
			sourceTree = "<group>";
		};
		DF0217261E85D96F00E4511B /* Profile Controller */ = {
			isa = PBXGroup;
			children = (
				DC4FAB571E5DE96700BC0745 /* ProfileViewController.swift */,
				DF36A7341E55C50200B051F5 /* EditProfileViewController.swift */,
			);
			name = "Profile Controller";
			sourceTree = "<group>";
		};
		DF0217271E85D98200E4511B /* Home Controller */ = {
			isa = PBXGroup;
			children = (
				DC4FAB501E5DD19C00BC0745 /* LoginViewController.swift */,
			);
			name = "Home Controller";
			sourceTree = "<group>";
		};
		DF0217281E85D9A800E4511B /* Person Controller */ = {
			isa = PBXGroup;
			children = (
				DC074F561E51DF9600F2A90E /* AddViewController.swift */,
				DC426FCC1E52001A00809823 /* ListTableViewCell.swift */,
				1E6CF4451E83E0F800B21EEF /* StudentViewController.swift */,
			);
			name = "Person Controller";
			sourceTree = "<group>";
		};
		DF0217291E85D9DD00E4511B /* Group Controller */ = {
			isa = PBXGroup;
			children = (
				1E6CF4411E83DC8900B21EEF /* GroupViewController.swift */,
				3DEA3A2C1E82D6D500185E19 /* ListGroupTableViewCell.swift */,
			);
			name = "Group Controller";
			sourceTree = "<group>";
		};
		DFED6F8E1E55F3D400F5C275 /* Class Helpers */ = {
			isa = PBXGroup;
			children = (
				DF44B6E51E87E905009CC8A4 /* ImageManager.swift */,
				DFED6F8A1E55F11400F5C275 /* CoreDataManager.swift */,
				DC56D81E1E71795A00BA7C72 /* DateManager.swift */,
				DFED6F8C1E55F2DA00F5C275 /* DialogBoxHelper.swift */,
				3D25929A1E6D4DBB00AA940D /* Session.swift */,
				1EA42A241E8555E200FF33F0 /* KeyboardViewController.swift */,
			);
			name = "Class Helpers";
			sourceTree = "<group>";
		};
/* End PBXGroup section */

/* Begin PBXNativeTarget section */
		DCE3000F1E51AADC0006D7E5 /* iOs-ProjectTests */ = {
			isa = PBXNativeTarget;
			buildConfigurationList = DCE300271E51AADC0006D7E5 /* Build configuration list for PBXNativeTarget "iOs-ProjectTests" */;
			buildPhases = (
				DCE3000C1E51AADC0006D7E5 /* Sources */,
				DCE3000D1E51AADC0006D7E5 /* Frameworks */,
				DCE3000E1E51AADC0006D7E5 /* Resources */,
			);
			buildRules = (
			);
			dependencies = (
				DCE300121E51AADC0006D7E5 /* PBXTargetDependency */,
			);
			name = "iOs-ProjectTests";
			productName = "iOs-ProjectTests";
			productReference = DCE300101E51AADC0006D7E5 /* iOs-ProjectTests.xctest */;
			productType = "com.apple.product-type.bundle.unit-test";
		};
		DCE3001A1E51AADC0006D7E5 /* iOs-ProjectUITests */ = {
			isa = PBXNativeTarget;
			buildConfigurationList = DCE3002A1E51AADC0006D7E5 /* Build configuration list for PBXNativeTarget "iOs-ProjectUITests" */;
			buildPhases = (
				DCE300171E51AADC0006D7E5 /* Sources */,
				DCE300181E51AADC0006D7E5 /* Frameworks */,
				DCE300191E51AADC0006D7E5 /* Resources */,
			);
			buildRules = (
			);
			dependencies = (
				DCE3001D1E51AADC0006D7E5 /* PBXTargetDependency */,
			);
			name = "iOs-ProjectUITests";
			productName = "iOs-ProjectUITests";
			productReference = DCE3001B1E51AADC0006D7E5 /* iOs-ProjectUITests.xctest */;
			productType = "com.apple.product-type.bundle.ui-testing";
		};
		DCE3FFF81E51AADC0006D7E5 /* iOs-Project */ = {
			isa = PBXNativeTarget;
			buildConfigurationList = DCE300241E51AADC0006D7E5 /* Build configuration list for PBXNativeTarget "iOs-Project" */;
			buildPhases = (
				DCE3FFF51E51AADC0006D7E5 /* Sources */,
				DCE3FFF61E51AADC0006D7E5 /* Frameworks */,
				DCE3FFF71E51AADC0006D7E5 /* Resources */,
				1E9CBDB41E840DA2004BBB6A /* Embed Frameworks */,
			);
			buildRules = (
			);
			dependencies = (
			);
			name = "iOs-Project";
			productName = "iOs-Project";
			productReference = DCE3FFF91E51AADC0006D7E5 /* iOs-Project.app */;
			productType = "com.apple.product-type.application";
		};
/* End PBXNativeTarget section */

/* Begin PBXProject section */
		DCE3FFF11E51AADC0006D7E5 /* Project object */ = {
			isa = PBXProject;
			attributes = {
				LastSwiftUpdateCheck = 0800;
				LastUpgradeCheck = 0820;
				ORGANIZATIONNAME = "Jean MIQUEL";
				TargetAttributes = {
					DCE3000F1E51AADC0006D7E5 = {
						CreatedOnToolsVersion = 8.0;
						DevelopmentTeam = AL2J78TBA5;
						ProvisioningStyle = Automatic;
						TestTargetID = DCE3FFF81E51AADC0006D7E5;
					};
					DCE3001A1E51AADC0006D7E5 = {
						CreatedOnToolsVersion = 8.0;
						DevelopmentTeam = AL2J78TBA5;
						ProvisioningStyle = Automatic;
						TestTargetID = DCE3FFF81E51AADC0006D7E5;
					};
					DCE3FFF81E51AADC0006D7E5 = {
						CreatedOnToolsVersion = 8.0;
						DevelopmentTeam = AL2J78TBA5;
						ProvisioningStyle = Automatic;
					};
				};
			};
			buildConfigurationList = DCE3FFF41E51AADC0006D7E5 /* Build configuration list for PBXProject "iOs-Project" */;
			compatibilityVersion = "Xcode 3.2";
			developmentRegion = English;
			hasScannedForEncodings = 0;
			knownRegions = (
				en,
				Base,
			);
			mainGroup = DCE3FFF01E51AADC0006D7E5;
			productRefGroup = DCE3FFFA1E51AADC0006D7E5 /* Products */;
			projectDirPath = "";
			projectRoot = "";
			targets = (
				DCE3FFF81E51AADC0006D7E5 /* iOs-Project */,
				DCE3000F1E51AADC0006D7E5 /* iOs-ProjectTests */,
				DCE3001A1E51AADC0006D7E5 /* iOs-ProjectUITests */,
			);
		};
/* End PBXProject section */

/* Begin PBXResourcesBuildPhase section */
		DCE3000E1E51AADC0006D7E5 /* Resources */ = {
			isa = PBXResourcesBuildPhase;
			buildActionMask = 2147483647;
			files = (
			);
			runOnlyForDeploymentPostprocessing = 0;
		};
		DCE300191E51AADC0006D7E5 /* Resources */ = {
			isa = PBXResourcesBuildPhase;
			buildActionMask = 2147483647;
			files = (
			);
			runOnlyForDeploymentPostprocessing = 0;
		};
		DCE3FFF71E51AADC0006D7E5 /* Resources */ = {
			isa = PBXResourcesBuildPhase;
			buildActionMask = 2147483647;
			files = (
				DCE3000A1E51AADC0006D7E5 /* LaunchScreen.storyboard in Resources */,
				DC56D81D1E7154BF00BA7C72 /* Assets.xcassets in Resources */,
				1E9CBDB61E840DF1004BBB6A /* CalendarCellView.xib in Resources */,
				1E9CBDC11E842493004BBB6A /* CalendarHeader.xib in Resources */,
				DCE300021E51AADC0006D7E5 /* Main.storyboard in Resources */,
			);
			runOnlyForDeploymentPostprocessing = 0;
		};
/* End PBXResourcesBuildPhase section */

/* Begin PBXSourcesBuildPhase section */
		DCE3000C1E51AADC0006D7E5 /* Sources */ = {
			isa = PBXSourcesBuildPhase;
			buildActionMask = 2147483647;
			files = (
				3D3C3CCD1E682EC6001893E4 /* PersonnesSet.swift in Sources */,
				DCE300151E51AADC0006D7E5 /* iOs_ProjectTests.swift in Sources */,
			);
			runOnlyForDeploymentPostprocessing = 0;
		};
		DCE300171E51AADC0006D7E5 /* Sources */ = {
			isa = PBXSourcesBuildPhase;
			buildActionMask = 2147483647;
			files = (
				DCE300201E51AADC0006D7E5 /* iOs_ProjectUITests.swift in Sources */,
			);
			runOnlyForDeploymentPostprocessing = 0;
		};
		DCE3FFF51E51AADC0006D7E5 /* Sources */ = {
			isa = PBXSourcesBuildPhase;
			buildActionMask = 2147483647;
			files = (
				DF02172B1E85DA9000E4511B /* InformationSet.swift in Sources */,
				1E6CF4421E83DC8900B21EEF /* GroupViewController.swift in Sources */,
				DC4FAB511E5DD19C00BC0745 /* LoginViewController.swift in Sources */,
				DC426FCD1E52001A00809823 /* ListTableViewCell.swift in Sources */,
				DFED6F8D1E55F2DA00F5C275 /* DialogBoxHelper.swift in Sources */,
				3D25929D1E6D596600AA940D /* Message.swift in Sources */,
				1E9CBDC31E8424F7004BBB6A /* CalendarHeader.swift in Sources */,
				DC4FAB531E5DDC5D00BC0745 /* WallViewController.swift in Sources */,
				DC24C77E1E81343D0043753F /* PromoSet.swift in Sources */,
				DC24C7821E8145D80043753F /* PromoViewController.swift in Sources */,
				3DEA3A2D1E82D6D500185E19 /* ListGroupTableViewCell.swift in Sources */,
				3D3C3CCC1E682EC6001893E4 /* PersonnesSet.swift in Sources */,
				DC56D81F1E71795A00BA7C72 /* DateManager.swift in Sources */,
				DFA8AAFC1E85A72500EE7A98 /* InfoViewController.swift in Sources */,
				DC4FAB5C1E5DEABA00BC0745 /* Personne.swift in Sources */,
				1E9CBDBB1E84108A004BBB6A /* CalendarView.swift in Sources */,
				DCE300051E51AADC0006D7E5 /* iOs_Project.xcdatamodeld in Sources */,
				DF44B6EC1E883590009CC8A4 /* MotClefSet.swift in Sources */,
				3D515CF51E86C24B0074D547 /* Evenement.swift in Sources */,
				1E9CBDB91E840ED6004BBB6A /* CalendarCellView.swift in Sources */,
				DF02172D1E85DBF100E4511B /* Information.swift in Sources */,
				3D515CF71E86C4670074D547 /* EvenementSet.swift in Sources */,
				DFA8AAFE1E85AC5300EE7A98 /* InfoTableViewCell.swift in Sources */,
				DF44B6E81E8829AB009CC8A4 /* MotClef.swift in Sources */,
				DC074F571E51DF9600F2A90E /* AddViewController.swift in Sources */,
				DCE3FFFD1E51AADC0006D7E5 /* AppDelegate.swift in Sources */,
				3D515CF91E86C5190074D547 /* AddEventViewController.swift in Sources */,
				DC074F531E51DBEB00F2A90E /* ListViewController.swift in Sources */,
				3D806A7D1E7006BA0073C4FA /* MessageTableViewCell.swift in Sources */,
				1E9CBDBD1E8410E4004BBB6A /* CalendarViewController.swift in Sources */,
				DF44B6E41E87CED7009CC8A4 /* CalendarEventTableViewCell.swift in Sources */,
				3D0A15281E828B550010E99B /* Promo.swift in Sources */,
				DF44B6E61E87E905009CC8A4 /* ImageManager.swift in Sources */,
				DFEE4ABA1E7F02F300E12701 /* Groupe.swift in Sources */,
				3D0A15221E8275C90010E99B /* GroupesSet.swift in Sources */,
				3D25929B1E6D4DBB00AA940D /* Session.swift in Sources */,
				3D25929F1E6D5D8900AA940D /* MessagesSet.swift in Sources */,
				DF0217221E85D77900E4511B /* AddInfoViewController.swift in Sources */,
				1E6CF4461E83E0F800B21EEF /* StudentViewController.swift in Sources */,
				1E6CF4481E83E4A700B21EEF /* PromoTableViewCell.swift in Sources */,
				1EA42A251E8555E200FF33F0 /* KeyboardViewController.swift in Sources */,
				1E9CBDBF1E842241004BBB6A /* GroupMessageViewController.swift in Sources */,
				DC4FAB581E5DE96700BC0745 /* ProfileViewController.swift in Sources */,
				DFED6F8B1E55F11400F5C275 /* CoreDataManager.swift in Sources */,
				DF36A7351E55C50200B051F5 /* EditProfileViewController.swift in Sources */,
			);
			runOnlyForDeploymentPostprocessing = 0;
		};
/* End PBXSourcesBuildPhase section */

/* Begin PBXTargetDependency section */
		DCE300121E51AADC0006D7E5 /* PBXTargetDependency */ = {
			isa = PBXTargetDependency;
			target = DCE3FFF81E51AADC0006D7E5 /* iOs-Project */;
			targetProxy = DCE300111E51AADC0006D7E5 /* PBXContainerItemProxy */;
		};
		DCE3001D1E51AADC0006D7E5 /* PBXTargetDependency */ = {
			isa = PBXTargetDependency;
			target = DCE3FFF81E51AADC0006D7E5 /* iOs-Project */;
			targetProxy = DCE3001C1E51AADC0006D7E5 /* PBXContainerItemProxy */;
		};
/* End PBXTargetDependency section */

/* Begin PBXVariantGroup section */
		DCE300001E51AADC0006D7E5 /* Main.storyboard */ = {
			isa = PBXVariantGroup;
			children = (
				DCE300011E51AADC0006D7E5 /* Base */,
			);
			name = Main.storyboard;
			sourceTree = "<group>";
		};
		DCE300081E51AADC0006D7E5 /* LaunchScreen.storyboard */ = {
			isa = PBXVariantGroup;
			children = (
				DCE300091E51AADC0006D7E5 /* Base */,
			);
			name = LaunchScreen.storyboard;
			sourceTree = "<group>";
		};
/* End PBXVariantGroup section */

/* Begin XCBuildConfiguration section */
		DCE300221E51AADC0006D7E5 /* Debug */ = {
			isa = XCBuildConfiguration;
			buildSettings = {
				ALWAYS_SEARCH_USER_PATHS = NO;
				CLANG_ANALYZER_NONNULL = YES;
				CLANG_CXX_LANGUAGE_STANDARD = "gnu++0x";
				CLANG_CXX_LIBRARY = "libc++";
				CLANG_ENABLE_MODULES = YES;
				CLANG_ENABLE_OBJC_ARC = YES;
				CLANG_WARN_BOOL_CONVERSION = YES;
				CLANG_WARN_CONSTANT_CONVERSION = YES;
				CLANG_WARN_DIRECT_OBJC_ISA_USAGE = YES_ERROR;
				CLANG_WARN_DOCUMENTATION_COMMENTS = YES;
				CLANG_WARN_EMPTY_BODY = YES;
				CLANG_WARN_ENUM_CONVERSION = YES;
				CLANG_WARN_INFINITE_RECURSION = YES;
				CLANG_WARN_INT_CONVERSION = YES;
				CLANG_WARN_OBJC_ROOT_CLASS = YES_ERROR;
				CLANG_WARN_SUSPICIOUS_MOVE = YES;
				CLANG_WARN_SUSPICIOUS_MOVES = YES;
				CLANG_WARN_UNREACHABLE_CODE = YES;
				CLANG_WARN__DUPLICATE_METHOD_MATCH = YES;
				"CODE_SIGN_IDENTITY[sdk=iphoneos*]" = "iPhone Developer";
				COPY_PHASE_STRIP = NO;
				DEBUG_INFORMATION_FORMAT = dwarf;
				ENABLE_STRICT_OBJC_MSGSEND = YES;
				ENABLE_TESTABILITY = YES;
				GCC_C_LANGUAGE_STANDARD = gnu99;
				GCC_DYNAMIC_NO_PIC = NO;
				GCC_NO_COMMON_BLOCKS = YES;
				GCC_OPTIMIZATION_LEVEL = 0;
				GCC_PREPROCESSOR_DEFINITIONS = (
					"DEBUG=1",
					"$(inherited)",
				);
				GCC_WARN_64_TO_32_BIT_CONVERSION = YES;
				GCC_WARN_ABOUT_RETURN_TYPE = YES_ERROR;
				GCC_WARN_UNDECLARED_SELECTOR = YES;
				GCC_WARN_UNINITIALIZED_AUTOS = YES_AGGRESSIVE;
				GCC_WARN_UNUSED_FUNCTION = YES;
				GCC_WARN_UNUSED_VARIABLE = YES;
				IPHONEOS_DEPLOYMENT_TARGET = 10.0;
				MTL_ENABLE_DEBUG_INFO = YES;
				ONLY_ACTIVE_ARCH = YES;
				SDKROOT = iphoneos;
				SWIFT_ACTIVE_COMPILATION_CONDITIONS = DEBUG;
				SWIFT_OPTIMIZATION_LEVEL = "-Onone";
				TARGETED_DEVICE_FAMILY = "1,2";
			};
			name = Debug;
		};
		DCE300231E51AADC0006D7E5 /* Release */ = {
			isa = XCBuildConfiguration;
			buildSettings = {
				ALWAYS_SEARCH_USER_PATHS = NO;
				CLANG_ANALYZER_NONNULL = YES;
				CLANG_CXX_LANGUAGE_STANDARD = "gnu++0x";
				CLANG_CXX_LIBRARY = "libc++";
				CLANG_ENABLE_MODULES = YES;
				CLANG_ENABLE_OBJC_ARC = YES;
				CLANG_WARN_BOOL_CONVERSION = YES;
				CLANG_WARN_CONSTANT_CONVERSION = YES;
				CLANG_WARN_DIRECT_OBJC_ISA_USAGE = YES_ERROR;
				CLANG_WARN_DOCUMENTATION_COMMENTS = YES;
				CLANG_WARN_EMPTY_BODY = YES;
				CLANG_WARN_ENUM_CONVERSION = YES;
				CLANG_WARN_INFINITE_RECURSION = YES;
				CLANG_WARN_INT_CONVERSION = YES;
				CLANG_WARN_OBJC_ROOT_CLASS = YES_ERROR;
				CLANG_WARN_SUSPICIOUS_MOVE = YES;
				CLANG_WARN_SUSPICIOUS_MOVES = YES;
				CLANG_WARN_UNREACHABLE_CODE = YES;
				CLANG_WARN__DUPLICATE_METHOD_MATCH = YES;
				"CODE_SIGN_IDENTITY[sdk=iphoneos*]" = "iPhone Developer";
				COPY_PHASE_STRIP = NO;
				DEBUG_INFORMATION_FORMAT = "dwarf-with-dsym";
				ENABLE_NS_ASSERTIONS = NO;
				ENABLE_STRICT_OBJC_MSGSEND = YES;
				GCC_C_LANGUAGE_STANDARD = gnu99;
				GCC_NO_COMMON_BLOCKS = YES;
				GCC_WARN_64_TO_32_BIT_CONVERSION = YES;
				GCC_WARN_ABOUT_RETURN_TYPE = YES_ERROR;
				GCC_WARN_UNDECLARED_SELECTOR = YES;
				GCC_WARN_UNINITIALIZED_AUTOS = YES_AGGRESSIVE;
				GCC_WARN_UNUSED_FUNCTION = YES;
				GCC_WARN_UNUSED_VARIABLE = YES;
				IPHONEOS_DEPLOYMENT_TARGET = 10.0;
				MTL_ENABLE_DEBUG_INFO = NO;
				SDKROOT = iphoneos;
				SWIFT_OPTIMIZATION_LEVEL = "-Owholemodule";
				TARGETED_DEVICE_FAMILY = "1,2";
				VALIDATE_PRODUCT = YES;
			};
			name = Release;
		};
		DCE300251E51AADC0006D7E5 /* Debug */ = {
			isa = XCBuildConfiguration;
			buildSettings = {
				ASSETCATALOG_COMPILER_APPICON_NAME = AppIcon;
				"CODE_SIGN_IDENTITY[sdk=iphoneos*]" = "iPhone Developer";
				DEVELOPMENT_TEAM = AL2J78TBA5;
				FRAMEWORK_SEARCH_PATHS = (
					"$(inherited)",
					"$(PROJECT_DIR)",
				);
				INFOPLIST_FILE = "iOs-Project/Info.plist";
				LD_RUNPATH_SEARCH_PATHS = "$(inherited) @executable_path/Frameworks";
				PRODUCT_BUNDLE_IDENTIFIER = "IG4.iOs-Project";
				PRODUCT_NAME = "$(TARGET_NAME)";
				SWIFT_VERSION = 3.0;
				TARGETED_DEVICE_FAMILY = 2;
			};
			name = Debug;
		};
		DCE300261E51AADC0006D7E5 /* Release */ = {
			isa = XCBuildConfiguration;
			buildSettings = {
				ASSETCATALOG_COMPILER_APPICON_NAME = AppIcon;
				"CODE_SIGN_IDENTITY[sdk=iphoneos*]" = "iPhone Developer";
				DEVELOPMENT_TEAM = AL2J78TBA5;
				FRAMEWORK_SEARCH_PATHS = (
					"$(inherited)",
					"$(PROJECT_DIR)",
				);
				INFOPLIST_FILE = "iOs-Project/Info.plist";
				LD_RUNPATH_SEARCH_PATHS = "$(inherited) @executable_path/Frameworks";
				PRODUCT_BUNDLE_IDENTIFIER = "IG4.iOs-Project";
				PRODUCT_NAME = "$(TARGET_NAME)";
				SWIFT_VERSION = 3.0;
				TARGETED_DEVICE_FAMILY = 2;
			};
			name = Release;
		};
		DCE300281E51AADC0006D7E5 /* Debug */ = {
			isa = XCBuildConfiguration;
			buildSettings = {
				ALWAYS_EMBED_SWIFT_STANDARD_LIBRARIES = YES;
				BUNDLE_LOADER = "$(TEST_HOST)";
				DEVELOPMENT_TEAM = AL2J78TBA5;
				INFOPLIST_FILE = "iOs-ProjectTests/Info.plist";
				LD_RUNPATH_SEARCH_PATHS = "$(inherited) @executable_path/Frameworks @loader_path/Frameworks";
				PRODUCT_BUNDLE_IDENTIFIER = "IG4.iOs-ProjectTests";
				PRODUCT_NAME = "$(TARGET_NAME)";
				SWIFT_VERSION = 3.0;
				TEST_HOST = "$(BUILT_PRODUCTS_DIR)/iOs-Project.app/iOs-Project";
			};
			name = Debug;
		};
		DCE300291E51AADC0006D7E5 /* Release */ = {
			isa = XCBuildConfiguration;
			buildSettings = {
				ALWAYS_EMBED_SWIFT_STANDARD_LIBRARIES = YES;
				BUNDLE_LOADER = "$(TEST_HOST)";
				DEVELOPMENT_TEAM = AL2J78TBA5;
				INFOPLIST_FILE = "iOs-ProjectTests/Info.plist";
				LD_RUNPATH_SEARCH_PATHS = "$(inherited) @executable_path/Frameworks @loader_path/Frameworks";
				PRODUCT_BUNDLE_IDENTIFIER = "IG4.iOs-ProjectTests";
				PRODUCT_NAME = "$(TARGET_NAME)";
				SWIFT_VERSION = 3.0;
				TEST_HOST = "$(BUILT_PRODUCTS_DIR)/iOs-Project.app/iOs-Project";
			};
			name = Release;
		};
		DCE3002B1E51AADC0006D7E5 /* Debug */ = {
			isa = XCBuildConfiguration;
			buildSettings = {
				ALWAYS_EMBED_SWIFT_STANDARD_LIBRARIES = YES;
				DEVELOPMENT_TEAM = AL2J78TBA5;
				INFOPLIST_FILE = "iOs-ProjectUITests/Info.plist";
				LD_RUNPATH_SEARCH_PATHS = "$(inherited) @executable_path/Frameworks @loader_path/Frameworks";
				PRODUCT_BUNDLE_IDENTIFIER = "IG4.iOs-ProjectUITests";
				PRODUCT_NAME = "$(TARGET_NAME)";
				SWIFT_VERSION = 3.0;
				TEST_TARGET_NAME = "iOs-Project";
			};
			name = Debug;
		};
		DCE3002C1E51AADC0006D7E5 /* Release */ = {
			isa = XCBuildConfiguration;
			buildSettings = {
				ALWAYS_EMBED_SWIFT_STANDARD_LIBRARIES = YES;
				DEVELOPMENT_TEAM = AL2J78TBA5;
				INFOPLIST_FILE = "iOs-ProjectUITests/Info.plist";
				LD_RUNPATH_SEARCH_PATHS = "$(inherited) @executable_path/Frameworks @loader_path/Frameworks";
				PRODUCT_BUNDLE_IDENTIFIER = "IG4.iOs-ProjectUITests";
				PRODUCT_NAME = "$(TARGET_NAME)";
				SWIFT_VERSION = 3.0;
				TEST_TARGET_NAME = "iOs-Project";
			};
			name = Release;
		};
/* End XCBuildConfiguration section */

/* Begin XCConfigurationList section */
		DCE300241E51AADC0006D7E5 /* Build configuration list for PBXNativeTarget "iOs-Project" */ = {
			isa = XCConfigurationList;
			buildConfigurations = (
				DCE300251E51AADC0006D7E5 /* Debug */,
				DCE300261E51AADC0006D7E5 /* Release */,
			);
			defaultConfigurationIsVisible = 0;
			defaultConfigurationName = Release;
		};
		DCE300271E51AADC0006D7E5 /* Build configuration list for PBXNativeTarget "iOs-ProjectTests" */ = {
			isa = XCConfigurationList;
			buildConfigurations = (
				DCE300281E51AADC0006D7E5 /* Debug */,
				DCE300291E51AADC0006D7E5 /* Release */,
			);
			defaultConfigurationIsVisible = 0;
			defaultConfigurationName = Release;
		};
		DCE3002A1E51AADC0006D7E5 /* Build configuration list for PBXNativeTarget "iOs-ProjectUITests" */ = {
			isa = XCConfigurationList;
			buildConfigurations = (
				DCE3002B1E51AADC0006D7E5 /* Debug */,
				DCE3002C1E51AADC0006D7E5 /* Release */,
			);
			defaultConfigurationIsVisible = 0;
			defaultConfigurationName = Release;
		};
		DCE3FFF41E51AADC0006D7E5 /* Build configuration list for PBXProject "iOs-Project" */ = {
			isa = XCConfigurationList;
			buildConfigurations = (
				DCE300221E51AADC0006D7E5 /* Debug */,
				DCE300231E51AADC0006D7E5 /* Release */,
			);
			defaultConfigurationIsVisible = 0;
			defaultConfigurationName = Release;
		};
/* End XCConfigurationList section */

/* Begin XCVersionGroup section */
		DCE300031E51AADC0006D7E5 /* iOs_Project.xcdatamodeld */ = {
			isa = XCVersionGroup;
			children = (
				DCE300041E51AADC0006D7E5 /* iOs_Project.xcdatamodel */,
			);
			currentVersion = DCE300041E51AADC0006D7E5 /* iOs_Project.xcdatamodel */;
			path = iOs_Project.xcdatamodeld;
			sourceTree = "<group>";
			versionGroupType = wrapper.xcdatamodel;
		};
/* End XCVersionGroup section */
	};
	rootObject = DCE3FFF11E51AADC0006D7E5 /* Project object */;
}
